github.com/crgimenes/glaze v0.0.54 h1:7Sc1v3ouhOudPH3fzFcNbOjmGRmH/UoKZdObjRavFJc=
github.com/crgimenes/glaze v0.0.54/go.mod h1:cppy7Il8j9Gf7Y223OMkMqk9cRZ97QNN2QijBhRmjA0=
github.com/ebitengine/purego v0.10.2 h1:W809HbnvzAxgdm+aOvlSekrM16wGCdT/e76+9tS7gzE=
github.com/ebitengine/purego v0.10.2/go.mod h1:iIjxzd6CiRiOG0UyXP+V1+jWqUXVjPKLAI0mRfJZTmQ=
